<?xml version="1.0" encoding="utf-8"?>
<Project ToolsVersion="4.0" xmlns="http://schemas.microsoft.com/developer/msbuild/2003">
  <ItemGroup>
    <Filter Include="Source Files">
      <UniqueIdentifier>{4FC737F1-C7A5-4376-A066-2A32D752A2FF}</UniqueIdentifier>
      <Extensions>cpp;c;cc;cxx;c++;cppm;ixx;def;odl;idl;hpj;bat;asm;asmx</Extensions>
    </Filter>
    <Filter Include="Header Files">
      <UniqueIdentifier>{93995380-89BD-4b04-88EB-625FBE52EBFB}</UniqueIdentifier>
      <Extensions>h;hh;hpp;hxx;h++;hm;inl;inc;ipp;xsd</Extensions>
    </Filter>
    <Filter Include="Resource Files">
      <UniqueIdentifier>{67DA6AB6-F800-4c08-8B7A-83BB121AAD01}</UniqueIdentifier>
      <Extensions>rc;ico;cur;bmp;dlg;rc2;rct;bin;rgs;gif;jpg;jpeg;jpe;resx;tiff;tif;png;wav;mfcribbon-ms</Extensions>
    </Filter>
    <Filter Include="Header Files\Tiles">
      <UniqueIdentifier>{b78ddb5e-6c0f-424e-96b3-334d6ea5c21c}</UniqueIdentifier>
    </Filter>
    <Filter Include="Header Files\Tiles\Movers">
      <UniqueIdentifier>{f56a9f34-26c7-40e0-b3a4-5323b9c9d52e}</UniqueIdentifier>
    </Filter>
    <Filter Include="Header Files\Tiles\Bridges">
      <UniqueIdentifier>{80ae813d-f826-4a7c-9094-fcd074b51baf}</UniqueIdentifier>
    </Filter>
    <Filter Include="Header Files\Tiles\Obstacles">
      <UniqueIdentifier>{9be9a9e1-d920-4c53-b4a3-9f3e89187bb0}</UniqueIdentifier>
    </Filter>
    <Filter Include="Header Files\Tiles\Water">
      <UniqueIdentifier>{97be5ec6-6a1e-441f-8ccf-f992504d7d68}</UniqueIdentifier>
    </Filter>
    <Filter Include="Header Files\Tiles\Land">
      <UniqueIdentifier>{5c09f906-b288-41d4-8e84-64f46b9f0ed6}</UniqueIdentifier>
    </Filter>
  </ItemGroup>
  <ItemGroup>
    <ClCompile Include="main.cpp">
      <Filter>Source Files</Filter>
    </ClCompile>
  </ItemGroup>
  <ItemGroup>
    <ClInclude Include="config.h">
      <Filter>Header Files</Filter>
    </ClInclude>
    <ClInclude Include="Grid.h">
      <Filter>Header Files</Filter>
    </ClInclude>
    <ClInclude Include="Tile.h">
      <Filter>Header Files\Tiles</Filter>
    </ClInclude>
    <ClInclude Include="Player.h">
      <Filter>Header Files\Tiles</Filter>
    </ClInclude>
    <ClInclude Include="TileSet.h">
      <Filter>Header Files</Filter>
    </ClInclude>
    <ClInclude Include="Row.h">
      <Filter>Header Files</Filter>
    </ClInclude>
    <ClInclude Include="TileContainer.h">
      <Filter>Header Files\Tiles</Filter>
    </ClInclude>
    <ClInclude Include="SpriteAtlas.h">
      <Filter>Header Files</Filter>
    </ClInclude>
    <ClInclude Include="PlayerLogic.h">
      <Filter>Header Files</Filter>
    </ClInclude>
    <ClInclude Include="Tests.h">
      <Filter>Header Files</Filter>
    </ClInclude>
    <ClInclude Include="mLog.h">
      <Filter>Header Files\Tiles\Movers</Filter>
    </ClInclude>
    <ClInclude Include="Grass.h">
      <Filter>Header Files\Tiles\Land</Filter>
    </ClInclude>
    <ClInclude Include="Log.h">
      <Filter>Header Files\Tiles\Bridges</Filter>
    </ClInclude>
    <ClInclude Include="Water.h">
      <Filter>Header Files\Tiles\Water</Filter>
    </ClInclude>
    <ClInclude Include="RedMush.h">
      <Filter>Header Files\Tiles\Obstacles</Filter>
    </ClInclude>
    <ClInclude Include="TilesInclude.h">
      <Filter>Header Files\Tiles</Filter>
    </ClInclude>
    <ClInclude Include="LgRock.h">
      <Filter>Header Files\Tiles\Bridges</Filter>
    </ClInclude>
    <ClInclude Include="SmRock.h">
      <Filter>Header Files\Tiles\Bridges</Filter>
    </ClInclude>
    <ClInclude Include="SmPad.h">
      <Filter>Header Files\Tiles\Bridges</Filter>
    </ClInclude>
    <ClInclude Include="LgPad.h">
      <Filter>Header Files\Tiles\Bridges</Filter>
    </ClInclude>
    <ClInclude Include="SmFlowerRed.h">
      <Filter>Header Files\Tiles\Bridges</Filter>
    </ClInclude>
    <ClInclude Include="SmFLowerYell.h">
      <Filter>Header Files\Tiles\Bridges</Filter>
    </ClInclude>
    <ClInclude Include="SmPot.h">
      <Filter>Header Files\Tiles\Bridges</Filter>
    </ClInclude>
    <ClInclude Include="SmStump.h">
      <Filter>Header Files\Tiles\Obstacles</Filter>
    </ClInclude>
    <ClInclude Include="LgStump.h">
      <Filter>Header Files\Tiles\Obstacles</Filter>
    </ClInclude>
    <ClInclude Include="SunFlower.h">
      <Filter>Header Files\Tiles\Obstacles</Filter>
    </ClInclude>
    <ClInclude Include="Bush.h">
      <Filter>Header Files\Tiles\Obstacles</Filter>
    </ClInclude>
    <ClInclude Include="TreeL.h">
      <Filter>Header Files\Tiles\Obstacles</Filter>
    </ClInclude>
    <ClInclude Include="TreeR.h">
      <Filter>Header Files\Tiles\Obstacles</Filter>
    </ClInclude>
    <ClInclude Include="mApple.h">
      <Filter>Header Files\Tiles\Movers</Filter>
    </ClInclude>
    <ClInclude Include="mSmFlowerRed.h">
      <Filter>Header Files\Tiles\Movers</Filter>
    </ClInclude>
    <ClInclude Include="mSmFlowerYell.h">
      <Filter>Header Files\Tiles\Movers</Filter>
    </ClInclude>
    <ClInclude Include="mSmPot.h">
      <Filter>Header Files\Tiles\Movers</Filter>
    </ClInclude>
  </ItemGroup>
  <ItemGroup>
    <Text Include="README.txt">
      <Filter>Resource Files</Filter>
    </Text>
  </ItemGroup>
  <ItemGroup>
    <Image Include="Bridge.png">
      <Filter>Resource Files</Filter>
    </Image>
    <Image Include="Character.png">
      <Filter>Resource Files</Filter>
    </Image>
    <Image Include="furn.png">
      <Filter>Resource Files</Filter>
    </Image>
    <Image Include="Grass.png">
      <Filter>Resource Files</Filter>
    </Image>
    <Image Include="Water.png">
      <Filter>Resource Files</Filter>
    </Image>
  </ItemGroup>
</Project>